
Microsoft Visual Studio Solution File, Format Version 12.00
# Visual Studio Version 17
VisualStudioVersion = 17.12.35527.113 d17.12
MinimumVisualStudioVersion = 10.0.40219.1
Project("{FAE04EC0-301F-11D3-BF4B-00C04F79EFBC}") = "DbFirst", "DbFirst\DbFirst.csproj", "{4B3AE80D-5960-4FDB-855E-7667BB360D5D}"
EndProject
Project("{FAE04EC0-301F-11D3-BF4B-00C04F79EFBC}") = "CFDataAnnotations", "CFDataAnnotations\CFDataAnnotations.csproj", "{E469A72F-9769-4C73-81D1-3CD1B690CC83}"
EndProject
Project("{FAE04EC0-301F-11D3-BF4B-00C04F79EFBC}") = "CFFluentAPI", "CFFluentAPI\CFFluentAPI.csproj", "{F46AADA5-B732-4552-ACB1-14E37A66E236}"
EndProject
Project("{FAE04EC0-301F-11D3-BF4B-00C04F79EFBC}") = "Config", "Config\Config.csproj", "{E962C85A-68F4-4738-BEFC-4EEA3AB9E5DD}"
EndProject
Global
	GlobalSection(SolutionConfigurationPlatforms) = preSolution
		Debug|Any CPU = Debug|Any CPU
		Release|Any CPU = Release|Any CPU
	EndGlobalSection
	GlobalSection(ProjectConfigurationPlatforms) = postSolution
		{4B3AE80D-5960-4FDB-855E-7667BB360D5D}.Debug|Any CPU.ActiveCfg = Debug|Any CPU
		{4B3AE80D-5960-4FDB-855E-7667BB360D5D}.Debug|Any CPU.Build.0 = Debug|Any CPU
		{4B3AE80D-5960-4FDB-855E-7667BB360D5D}.Release|Any CPU.ActiveCfg = Release|Any CPU
		{4B3AE80D-5960-4FDB-855E-7667BB360D5D}.Release|Any CPU.Build.0 = Release|Any CPU
		{E469A72F-9769-4C73-81D1-3CD1B690CC83}.Debug|Any CPU.ActiveCfg = Debug|Any CPU
		{E469A72F-9769-4C73-81D1-3CD1B690CC83}.Debug|Any CPU.Build.0 = Debug|Any CPU
		{E469A72F-9769-4C73-81D1-3CD1B690CC83}.Release|Any CPU.ActiveCfg = Release|Any CPU
		{E469A72F-9769-4C73-81D1-3CD1B690CC83}.Release|Any CPU.Build.0 = Release|Any CPU
		{F46AADA5-B732-4552-ACB1-14E37A66E236}.Debug|Any CPU.ActiveCfg = Debug|Any CPU
		{F46AADA5-B732-4552-ACB1-14E37A66E236}.Debug|Any CPU.Build.0 = Debug|Any CPU
		{F46AADA5-B732-4552-ACB1-14E37A66E236}.Release|Any CPU.ActiveCfg = Release|Any CPU
		{F46AADA5-B732-4552-ACB1-14E37A66E236}.Release|Any CPU.Build.0 = Release|Any CPU
		{E962C85A-68F4-4738-BEFC-4EEA3AB9E5DD}.Debug|Any CPU.ActiveCfg = Debug|Any CPU
		{E962C85A-68F4-4738-BEFC-4EEA3AB9E5DD}.Debug|Any CPU.Build.0 = Debug|Any CPU
		{E962C85A-68F4-4738-BEFC-4EEA3AB9E5DD}.Release|Any CPU.ActiveCfg = Release|Any CPU
		{E962C85A-68F4-4738-BEFC-4EEA3AB9E5DD}.Release|Any CPU.Build.0 = Release|Any CPU
	EndGlobalSection
	GlobalSection(SolutionProperties) = preSolution
		HideSolutionNode = FALSE
	EndGlobalSection
EndGlobal
